
Microsoft Visual Studio Solution File, Format Version 12.00
# Visual Studio Version 17
VisualStudioVersion = 17.10.35027.167
MinimumVisualStudioVersion = 10.0.40219.1
Project("{FAE04EC0-301F-11D3-BF4B-00C04F79EFBC}") = "EventListener", "EventListener.csproj", "{B3EB9CE8-30BC-47BC-979A-3E605CE1895A}"
EndProject
Global
	GlobalSection(SolutionConfigurationPlatforms) = preSolution
		Debug|Any CPU = Debug|Any CPU
		Release|Any CPU = Release|Any CPU
	EndGlobalSection
	GlobalSection(ProjectConfigurationPlatforms) = postSolution
		{B3EB9CE8-30BC-47BC-979A-3E605CE1895A}.Debug|Any CPU.ActiveCfg = Debug|Any CPU
		{B3EB9CE8-30BC-47BC-979A-3E605CE1895A}.Debug|Any CPU.Build.0 = Debug|Any CPU
		{B3EB9CE8-30BC-47BC-979A-3E605CE1895A}.Release|Any CPU.ActiveCfg = Release|Any CPU
		{B3EB9CE8-30BC-47BC-979A-3E605CE1895A}.Release|Any CPU.Build.0 = Release|Any CPU
	EndGlobalSection
	GlobalSection(SolutionProperties) = preSolution
		HideSolutionNode = FALSE
	EndGlobalSection
	GlobalSection(ExtensibilityGlobals) = postSolution
		SolutionGuid = {9503A248-8DC3-4222-BE34-924F24FB6E9F}
	EndGlobalSection
EndGlobal
